
Microsoft Visual Studio Solution File, Format Version 12.00
# Visual Studio Version 17
VisualStudioVersion = 17.1.32210.238
MinimumVisualStudioVersion = 10.0.40219.1
Project("{8BC9CEB8-8B4A-11D0-8D11-00A0C91BC942}") = "TP01", "Projects.vcxproj", "{A935EBE1-7B26-4A77-B461-2E9A84DCFF44}"
EndProject
Project("{8BC9CEB8-8B4A-11D0-8D11-00A0C91BC942}") = "TP02", "TP02\TP02\TP02.vcxproj", "{3599D97C-753E-443D-B412-B3250ED76B36}"
EndProject
Project("{8BC9CEB8-8B4A-11D0-8D11-00A0C91BC942}") = "TP03", "TP03\TP03.vcxproj", "{AD6231B9-24BE-4807-AA6F-B9B67C00CC2B}"
EndProject
Project("{8BC9CEB8-8B4A-11D0-8D11-00A0C91BC942}") = "TP04", "TP04\TP04.vcxproj", "{9335C00B-0AA3-4D1C-B3AF-315F17A0005C}"
EndProject
Project("{8BC9CEB8-8B4A-11D0-8D11-00A0C91BC942}") = "TP05", "TP05\TP05.vcxproj", "{01124FAF-5748-431A-ABE1-8E5E8F91205C}"
EndProject
Global
	GlobalSection(SolutionConfigurationPlatforms) = preSolution
		Debug|Any CPU = Debug|Any CPU
		Debug|x64 = Debug|x64
		Debug|x86 = Debug|x86
		Release|Any CPU = Release|Any CPU
		Release|x64 = Release|x64
		Release|x86 = Release|x86
	EndGlobalSection
	GlobalSection(ProjectConfigurationPlatforms) = postSolution
		{A935EBE1-7B26-4A77-B461-2E9A84DCFF44}.Debug|Any CPU.ActiveCfg = Debug|x64
		{A935EBE1-7B26-4A77-B461-2E9A84DCFF44}.Debug|Any CPU.Build.0 = Debug|x64
		{A935EBE1-7B26-4A77-B461-2E9A84DCFF44}.Debug|x64.ActiveCfg = Debug|x64
		{A935EBE1-7B26-4A77-B461-2E9A84DCFF44}.Debug|x64.Build.0 = Debug|x64
		{A935EBE1-7B26-4A77-B461-2E9A84DCFF44}.Debug|x86.ActiveCfg = Debug|Win32
		{A935EBE1-7B26-4A77-B461-2E9A84DCFF44}.Debug|x86.Build.0 = Debug|Win32
		{A935EBE1-7B26-4A77-B461-2E9A84DCFF44}.Release|Any CPU.ActiveCfg = Release|x64
		{A935EBE1-7B26-4A77-B461-2E9A84DCFF44}.Release|Any CPU.Build.0 = Release|x64
		{A935EBE1-7B26-4A77-B461-2E9A84DCFF44}.Release|x64.ActiveCfg = Release|x64
		{A935EBE1-7B26-4A77-B461-2E9A84DCFF44}.Release|x64.Build.0 = Release|x64
		{A935EBE1-7B26-4A77-B461-2E9A84DCFF44}.Release|x86.ActiveCfg = Release|Win32
		{A935EBE1-7B26-4A77-B461-2E9A84DCFF44}.Release|x86.Build.0 = Release|Win32
		{3599D97C-753E-443D-B412-B3250ED76B36}.Debug|Any CPU.ActiveCfg = Debug|x64
		{3599D97C-753E-443D-B412-B3250ED76B36}.Debug|Any CPU.Build.0 = Debug|x64
		{3599D97C-753E-443D-B412-B3250ED76B36}.Debug|x64.ActiveCfg = Debug|x64
		{3599D97C-753E-443D-B412-B3250ED76B36}.Debug|x64.Build.0 = Debug|x64
		{3599D97C-753E-443D-B412-B3250ED76B36}.Debug|x86.ActiveCfg = Debug|Win32
		{3599D97C-753E-443D-B412-B3250ED76B36}.Debug|x86.Build.0 = Debug|Win32
		{3599D97C-753E-443D-B412-B3250ED76B36}.Release|Any CPU.ActiveCfg = Release|x64
		{3599D97C-753E-443D-B412-B3250ED76B36}.Release|Any CPU.Build.0 = Release|x64
		{3599D97C-753E-443D-B412-B3250ED76B36}.Release|x64.ActiveCfg = Release|x64
		{3599D97C-753E-443D-B412-B3250ED76B36}.Release|x64.Build.0 = Release|x64
		{3599D97C-753E-443D-B412-B3250ED76B36}.Release|x86.ActiveCfg = Release|Win32
		{3599D97C-753E-443D-B412-B3250ED76B36}.Release|x86.Build.0 = Release|Win32
		{AD6231B9-24BE-4807-AA6F-B9B67C00CC2B}.Debug|Any CPU.ActiveCfg = Debug|x64
		{AD6231B9-24BE-4807-AA6F-B9B67C00CC2B}.Debug|Any CPU.Build.0 = Debug|x64
		{AD6231B9-24BE-4807-AA6F-B9B67C00CC2B}.Debug|x64.ActiveCfg = Debug|x64
		{AD6231B9-24BE-4807-AA6F-B9B67C00CC2B}.Debug|x64.Build.0 = Debug|x64
		{AD6231B9-24BE-4807-AA6F-B9B67C00CC2B}.Debug|x86.ActiveCfg = Debug|Win32
		{AD6231B9-24BE-4807-AA6F-B9B67C00CC2B}.Debug|x86.Build.0 = Debug|Win32
		{AD6231B9-24BE-4807-AA6F-B9B67C00CC2B}.Release|Any CPU.ActiveCfg = Release|x64
		{AD6231B9-24BE-4807-AA6F-B9B67C00CC2B}.Release|Any CPU.Build.0 = Release|x64
		{AD6231B9-24BE-4807-AA6F-B9B67C00CC2B}.Release|x64.ActiveCfg = Release|x64
		{AD6231B9-24BE-4807-AA6F-B9B67C00CC2B}.Release|x64.Build.0 = Release|x64
		{AD6231B9-24BE-4807-AA6F-B9B67C00CC2B}.Release|x86.ActiveCfg = Release|Win32
		{AD6231B9-24BE-4807-AA6F-B9B67C00CC2B}.Release|x86.Build.0 = Release|Win32
		{01124FAF-5748-431A-ABE1-8E5E8F91205C}.Debug|Any CPU.ActiveCfg = Debug|x64
		{01124FAF-5748-431A-ABE1-8E5E8F91205C}.Debug|Any CPU.Build.0 = Debug|x64
		{01124FAF-5748-431A-ABE1-8E5E8F91205C}.Debug|x64.ActiveCfg = Debug|x64
		{01124FAF-5748-431A-ABE1-8E5E8F91205C}.Debug|x64.Build.0 = Debug|x64
		{01124FAF-5748-431A-ABE1-8E5E8F91205C}.Debug|x86.ActiveCfg = Debug|Win32
		{01124FAF-5748-431A-ABE1-8E5E8F91205C}.Debug|x86.Build.0 = Debug|Win32
		{01124FAF-5748-431A-ABE1-8E5E8F91205C}.Release|Any CPU.ActiveCfg = Release|x64
		{01124FAF-5748-431A-ABE1-8E5E8F91205C}.Release|Any CPU.Build.0 = Release|x64
		{01124FAF-5748-431A-ABE1-8E5E8F91205C}.Release|x64.ActiveCfg = Release|x64
		{01124FAF-5748-431A-ABE1-8E5E8F91205C}.Release|x64.Build.0 = Release|x64
		{01124FAF-5748-431A-ABE1-8E5E8F91205C}.Release|x86.ActiveCfg = Release|Win32
		{01124FAF-5748-431A-ABE1-8E5E8F91205C}.Release|x86.Build.0 = Release|Win32
	EndGlobalSection
	GlobalSection(SolutionProperties) = preSolution
		HideSolutionNode = FALSE
	EndGlobalSection
	GlobalSection(ExtensibilityGlobals) = postSolution
		SolutionGuid = {45D1AA6D-9D85-4852-9B17-D23D3BFDC1FB}
	EndGlobalSection
EndGlobal
